
Microsoft Visual Studio Solution File, Format Version 12.00
# Visual Studio Version 16
VisualStudioVersion = 16.0.30320.27
MinimumVisualStudioVersion = 10.0.40219.1
Project("{FAE04EC0-301F-11D3-BF4B-00C04F79EFBC}") = "Sugarpink.Algorithms", "Sugarpink.Algorithms\Sugarpink.Algorithms.csproj", "{13917CE1-FDB0-4905-B07A-7CE58A3ED5A1}"
EndProject
Project("{FAE04EC0-301F-11D3-BF4B-00C04F79EFBC}") = "Sugarpink.Algorithms.Tests", "Sugarpink.Algorithms.Tests\Sugarpink.Algorithms.Tests.csproj", "{CA7A5BF3-A990-4815-A87E-8D376839F0C9}"
EndProject
Global
	GlobalSection(SolutionConfigurationPlatforms) = preSolution
		Debug|Any CPU = Debug|Any CPU
		Release|Any CPU = Release|Any CPU
	EndGlobalSection
	GlobalSection(ProjectConfigurationPlatforms) = postSolution
		{13917CE1-FDB0-4905-B07A-7CE58A3ED5A1}.Debug|Any CPU.ActiveCfg = Debug|Any CPU
		{13917CE1-FDB0-4905-B07A-7CE58A3ED5A1}.Debug|Any CPU.Build.0 = Debug|Any CPU
		{13917CE1-FDB0-4905-B07A-7CE58A3ED5A1}.Release|Any CPU.ActiveCfg = Release|Any CPU
		{13917CE1-FDB0-4905-B07A-7CE58A3ED5A1}.Release|Any CPU.Build.0 = Release|Any CPU
		{CA7A5BF3-A990-4815-A87E-8D376839F0C9}.Debug|Any CPU.ActiveCfg = Debug|Any CPU
		{CA7A5BF3-A990-4815-A87E-8D376839F0C9}.Debug|Any CPU.Build.0 = Debug|Any CPU
		{CA7A5BF3-A990-4815-A87E-8D376839F0C9}.Release|Any CPU.ActiveCfg = Release|Any CPU
		{CA7A5BF3-A990-4815-A87E-8D376839F0C9}.Release|Any CPU.Build.0 = Release|Any CPU
	EndGlobalSection
	GlobalSection(SolutionProperties) = preSolution
		HideSolutionNode = FALSE
	EndGlobalSection
	GlobalSection(ExtensibilityGlobals) = postSolution
		SolutionGuid = {51C733D1-191E-46F6-8025-D69467A7391D}
	EndGlobalSection
EndGlobal
